
Microsoft Visual Studio Solution File, Format Version 12.00
# Visual Studio Version 17
VisualStudioVersion = 17.5.2.0
MinimumVisualStudioVersion = 10.0.40219.1
Project("{FAE04EC0-301F-11D3-BF4B-00C04F79EFBC}") = "ControleEstoque", "ControleEstoque\ControleEstoque.csproj", "{D30B4497-25C3-51FB-AAE8-05373E3792E5}"
EndProject
Project("{FAE04EC0-301F-11D3-BF4B-00C04F79EFBC}") = "Estoque.Dominio", "Estoque.Dominio\Estoque.Dominio.csproj", "{834A8385-5991-466C-8B20-8DF0B0B916F8}"
EndProject
Project("{FAE04EC0-301F-11D3-BF4B-00C04F79EFBC}") = "Estoque.Servicos", "Estoque.Servicos\Estoque.Servicos.csproj", "{96150BE1-1E61-447A-9488-0C857D50F3E3}"
EndProject
Global
	GlobalSection(SolutionConfigurationPlatforms) = preSolution
		Debug|Any CPU = Debug|Any CPU
		Debug|x64 = Debug|x64
		Debug|x86 = Debug|x86
		Release|Any CPU = Release|Any CPU
		Release|x64 = Release|x64
		Release|x86 = Release|x86
	EndGlobalSection
	GlobalSection(ProjectConfigurationPlatforms) = postSolution
		{D30B4497-25C3-51FB-AAE8-05373E3792E5}.Debug|Any CPU.ActiveCfg = Debug|Any CPU
		{D30B4497-25C3-51FB-AAE8-05373E3792E5}.Debug|Any CPU.Build.0 = Debug|Any CPU
		{D30B4497-25C3-51FB-AAE8-05373E3792E5}.Debug|x64.ActiveCfg = Debug|Any CPU
		{D30B4497-25C3-51FB-AAE8-05373E3792E5}.Debug|x64.Build.0 = Debug|Any CPU
		{D30B4497-25C3-51FB-AAE8-05373E3792E5}.Debug|x86.ActiveCfg = Debug|Any CPU
		{D30B4497-25C3-51FB-AAE8-05373E3792E5}.Debug|x86.Build.0 = Debug|Any CPU
		{D30B4497-25C3-51FB-AAE8-05373E3792E5}.Release|Any CPU.ActiveCfg = Release|Any CPU
		{D30B4497-25C3-51FB-AAE8-05373E3792E5}.Release|Any CPU.Build.0 = Release|Any CPU
		{D30B4497-25C3-51FB-AAE8-05373E3792E5}.Release|x64.ActiveCfg = Release|Any CPU
		{D30B4497-25C3-51FB-AAE8-05373E3792E5}.Release|x64.Build.0 = Release|Any CPU
		{D30B4497-25C3-51FB-AAE8-05373E3792E5}.Release|x86.ActiveCfg = Release|Any CPU
		{D30B4497-25C3-51FB-AAE8-05373E3792E5}.Release|x86.Build.0 = Release|Any CPU
		{834A8385-5991-466C-8B20-8DF0B0B916F8}.Debug|Any CPU.ActiveCfg = Debug|Any CPU
		{834A8385-5991-466C-8B20-8DF0B0B916F8}.Debug|Any CPU.Build.0 = Debug|Any CPU
		{834A8385-5991-466C-8B20-8DF0B0B916F8}.Debug|x64.ActiveCfg = Debug|Any CPU
		{834A8385-5991-466C-8B20-8DF0B0B916F8}.Debug|x64.Build.0 = Debug|Any CPU
		{834A8385-5991-466C-8B20-8DF0B0B916F8}.Debug|x86.ActiveCfg = Debug|Any CPU
		{834A8385-5991-466C-8B20-8DF0B0B916F8}.Debug|x86.Build.0 = Debug|Any CPU
		{834A8385-5991-466C-8B20-8DF0B0B916F8}.Release|Any CPU.ActiveCfg = Release|Any CPU
		{834A8385-5991-466C-8B20-8DF0B0B916F8}.Release|Any CPU.Build.0 = Release|Any CPU
		{834A8385-5991-466C-8B20-8DF0B0B916F8}.Release|x64.ActiveCfg = Release|Any CPU
		{834A8385-5991-466C-8B20-8DF0B0B916F8}.Release|x64.Build.0 = Release|Any CPU
		{834A8385-5991-466C-8B20-8DF0B0B916F8}.Release|x86.ActiveCfg = Release|Any CPU
		{834A8385-5991-466C-8B20-8DF0B0B916F8}.Release|x86.Build.0 = Release|Any CPU
		{96150BE1-1E61-447A-9488-0C857D50F3E3}.Debug|Any CPU.ActiveCfg = Debug|Any CPU
		{96150BE1-1E61-447A-9488-0C857D50F3E3}.Debug|Any CPU.Build.0 = Debug|Any CPU
		{96150BE1-1E61-447A-9488-0C857D50F3E3}.Debug|x64.ActiveCfg = Debug|Any CPU
		{96150BE1-1E61-447A-9488-0C857D50F3E3}.Debug|x64.Build.0 = Debug|Any CPU
		{96150BE1-1E61-447A-9488-0C857D50F3E3}.Debug|x86.ActiveCfg = Debug|Any CPU
		{96150BE1-1E61-447A-9488-0C857D50F3E3}.Debug|x86.Build.0 = Debug|Any CPU
		{96150BE1-1E61-447A-9488-0C857D50F3E3}.Release|Any CPU.ActiveCfg = Release|Any CPU
		{96150BE1-1E61-447A-9488-0C857D50F3E3}.Release|Any CPU.Build.0 = Release|Any CPU
		{96150BE1-1E61-447A-9488-0C857D50F3E3}.Release|x64.ActiveCfg = Release|Any CPU
		{96150BE1-1E61-447A-9488-0C857D50F3E3}.Release|x64.Build.0 = Release|Any CPU
		{96150BE1-1E61-447A-9488-0C857D50F3E3}.Release|x86.ActiveCfg = Release|Any CPU
		{96150BE1-1E61-447A-9488-0C857D50F3E3}.Release|x86.Build.0 = Release|Any CPU
	EndGlobalSection
	GlobalSection(SolutionProperties) = preSolution
		HideSolutionNode = FALSE
	EndGlobalSection
	GlobalSection(ExtensibilityGlobals) = postSolution
		SolutionGuid = {63D4F5DF-83AB-4468-A3B7-E1A64BDA2E6E}
	EndGlobalSection
EndGlobal
